// !$*UTF8*$!
{
	archiveVersion = 1;
	classes = {
	};
	objectVersion = 50;
	objects = {

/* Begin PBXBuildFile section */
		A377A0AD217ED0810002D70F /* ItemStore.swift in Sources */ = {isa = PBXBuildFile; fileRef = A377A0AC217ED0810002D70F /* ItemStore.swift */; };
		A39ED8002191345B00C66E48 /* ItemCell.swift in Sources */ = {isa = PBXBuildFile; fileRef = A39ED7FF2191345B00C66E48 /* ItemCell.swift */; };
		A3A892BB2196917700E2F24C /* ImageStore.swift in Sources */ = {isa = PBXBuildFile; fileRef = A3A892BA2196917700E2F24C /* ImageStore.swift */; };
		A3A97C8521932F4F007E2F45 /* DetailViewController.swift in Sources */ = {isa = PBXBuildFile; fileRef = A3A97C8421932F4F007E2F45 /* DetailViewController.swift */; };
		A3B92BA9217D62AA00F56DA3 /* AppDelegate.swift in Sources */ = {isa = PBXBuildFile; fileRef = A3B92BA8217D62AA00F56DA3 /* AppDelegate.swift */; };
		A3B92BAE217D62AA00F56DA3 /* Main.storyboard in Resources */ = {isa = PBXBuildFile; fileRef = A3B92BAC217D62AA00F56DA3 /* Main.storyboard */; };
		A3B92BB0217D62AC00F56DA3 /* Assets.xcassets in Resources */ = {isa = PBXBuildFile; fileRef = A3B92BAF217D62AC00F56DA3 /* Assets.xcassets */; };
		A3B92BB3217D62AC00F56DA3 /* LaunchScreen.storyboard in Resources */ = {isa = PBXBuildFile; fileRef = A3B92BB1217D62AC00F56DA3 /* LaunchScreen.storyboard */; };
		A3B92BBE217D62AC00F56DA3 /* HomepwnerTests.swift in Sources */ = {isa = PBXBuildFile; fileRef = A3B92BBD217D62AC00F56DA3 /* HomepwnerTests.swift */; };
		A3B92BC9217D62AC00F56DA3 /* HomepwnerUITests.swift in Sources */ = {isa = PBXBuildFile; fileRef = A3B92BC8217D62AC00F56DA3 /* HomepwnerUITests.swift */; };
		A3B92BD7217D62E600F56DA3 /* ItemsViewController.swift in Sources */ = {isa = PBXBuildFile; fileRef = A3B92BD6217D62E600F56DA3 /* ItemsViewController.swift */; };
		A3B92BD9217D63D800F56DA3 /* Item.swift in Sources */ = {isa = PBXBuildFile; fileRef = A3B92BD8217D63D800F56DA3 /* Item.swift */; };
/* End PBXBuildFile section */

/* Begin PBXContainerItemProxy section */
		A3B92BBA217D62AC00F56DA3 /* PBXContainerItemProxy */ = {
			isa = PBXContainerItemProxy;
			containerPortal = A3B92B9D217D62AA00F56DA3 /* Project object */;
			proxyType = 1;
			remoteGlobalIDString = A3B92BA4217D62AA00F56DA3;
			remoteInfo = Homepwner;
		};
		A3B92BC5217D62AC00F56DA3 /* PBXContainerItemProxy */ = {
			isa = PBXContainerItemProxy;
			containerPortal = A3B92B9D217D62AA00F56DA3 /* Project object */;
			proxyType = 1;
			remoteGlobalIDString = A3B92BA4217D62AA00F56DA3;
			remoteInfo = Homepwner;
		};
/* End PBXContainerItemProxy section */

/* Begin PBXFileReference section */
		A377A0AC217ED0810002D70F /* ItemStore.swift */ = {isa = PBXFileReference; lastKnownFileType = sourcecode.swift; path = ItemStore.swift; sourceTree = "<group>"; };
		A39ED7FF2191345B00C66E48 /* ItemCell.swift */ = {isa = PBXFileReference; lastKnownFileType = sourcecode.swift; path = ItemCell.swift; sourceTree = "<group>"; };
		A3A892BA2196917700E2F24C /* ImageStore.swift */ = {isa = PBXFileReference; lastKnownFileType = sourcecode.swift; path = ImageStore.swift; sourceTree = "<group>"; };
		A3A97C8421932F4F007E2F45 /* DetailViewController.swift */ = {isa = PBXFileReference; lastKnownFileType = sourcecode.swift; path = DetailViewController.swift; sourceTree = "<group>"; };
		A3B92BA5217D62AA00F56DA3 /* Homepwner.app */ = {isa = PBXFileReference; explicitFileType = wrapper.application; includeInIndex = 0; path = Homepwner.app; sourceTree = BUILT_PRODUCTS_DIR; };
		A3B92BA8217D62AA00F56DA3 /* AppDelegate.swift */ = {isa = PBXFileReference; lastKnownFileType = sourcecode.swift; path = AppDelegate.swift; sourceTree = "<group>"; };
		A3B92BAD217D62AA00F56DA3 /* Base */ = {isa = PBXFileReference; lastKnownFileType = file.storyboard; name = Base; path = Base.lproj/Main.storyboard; sourceTree = "<group>"; };
		A3B92BAF217D62AC00F56DA3 /* Assets.xcassets */ = {isa = PBXFileReference; lastKnownFileType = folder.assetcatalog; path = Assets.xcassets; sourceTree = "<group>"; };
		A3B92BB2217D62AC00F56DA3 /* Base */ = {isa = PBXFileReference; lastKnownFileType = file.storyboard; name = Base; path = Base.lproj/LaunchScreen.storyboard; sourceTree = "<group>"; };
		A3B92BB4217D62AC00F56DA3 /* Info.plist */ = {isa = PBXFileReference; lastKnownFileType = text.plist.xml; path = Info.plist; sourceTree = "<group>"; };
		A3B92BB9217D62AC00F56DA3 /* HomepwnerTests.xctest */ = {isa = PBXFileReference; explicitFileType = wrapper.cfbundle; includeInIndex = 0; path = HomepwnerTests.xctest; sourceTree = BUILT_PRODUCTS_DIR; };
		A3B92BBD217D62AC00F56DA3 /* HomepwnerTests.swift */ = {isa = PBXFileReference; lastKnownFileType = sourcecode.swift; path = HomepwnerTests.swift; sourceTree = "<group>"; };
		A3B92BBF217D62AC00F56DA3 /* Info.plist */ = {isa = PBXFileReference; lastKnownFileType = text.plist.xml; path = Info.plist; sourceTree = "<group>"; };
		A3B92BC4217D62AC00F56DA3 /* HomepwnerUITests.xctest */ = {isa = PBXFileReference; explicitFileType = wrapper.cfbundle; includeInIndex = 0; path = HomepwnerUITests.xctest; sourceTree = BUILT_PRODUCTS_DIR; };
		A3B92BC8217D62AC00F56DA3 /* HomepwnerUITests.swift */ = {isa = PBXFileReference; lastKnownFileType = sourcecode.swift; path = HomepwnerUITests.swift; sourceTree = "<group>"; };
		A3B92BCA217D62AC00F56DA3 /* Info.plist */ = {isa = PBXFileReference; lastKnownFileType = text.plist.xml; path = Info.plist; sourceTree = "<group>"; };
		A3B92BD6217D62E600F56DA3 /* ItemsViewController.swift */ = {isa = PBXFileReference; lastKnownFileType = sourcecode.swift; path = ItemsViewController.swift; sourceTree = "<group>"; };
		A3B92BD8217D63D800F56DA3 /* Item.swift */ = {isa = PBXFileReference; lastKnownFileType = sourcecode.swift; path = Item.swift; sourceTree = "<group>"; };
/* End PBXFileReference section */

/* Begin PBXFrameworksBuildPhase section */
		A3B92BA2217D62AA00F56DA3 /* Frameworks */ = {
			isa = PBXFrameworksBuildPhase;
			buildActionMask = 2147483647;
			files = (
			);
			runOnlyForDeploymentPostprocessing = 0;
		};
		A3B92BB6217D62AC00F56DA3 /* Frameworks */ = {
			isa = PBXFrameworksBuildPhase;
			buildActionMask = 2147483647;
			files = (
			);
			runOnlyForDeploymentPostprocessing = 0;
		};
		A3B92BC1217D62AC00F56DA3 /* Frameworks */ = {
			isa = PBXFrameworksBuildPhase;
			buildActionMask = 2147483647;
			files = (
			);
			runOnlyForDeploymentPostprocessing = 0;
		};
/* End PBXFrameworksBuildPhase section */

/* Begin PBXGroup section */
		A3B92B9C217D62AA00F56DA3 = {
			isa = PBXGroup;
			children = (
				A3B92BA7217D62AA00F56DA3 /* Homepwner */,
				A3B92BBC217D62AC00F56DA3 /* HomepwnerTests */,
				A3B92BC7217D62AC00F56DA3 /* HomepwnerUITests */,
				A3B92BA6217D62AA00F56DA3 /* Products */,
			);
			sourceTree = "<group>";
		};
		A3B92BA6217D62AA00F56DA3 /* Products */ = {
			isa = PBXGroup;
			children = (
				A3B92BA5217D62AA00F56DA3 /* Homepwner.app */,
				A3B92BB9217D62AC00F56DA3 /* HomepwnerTests.xctest */,
				A3B92BC4217D62AC00F56DA3 /* HomepwnerUITests.xctest */,
			);
			name = Products;
			sourceTree = "<group>";
		};
		A3B92BA7217D62AA00F56DA3 /* Homepwner */ = {
			isa = PBXGroup;
			children = (
				A3B92BA8217D62AA00F56DA3 /* AppDelegate.swift */,
				A3B92BAC217D62AA00F56DA3 /* Main.storyboard */,
				A3A97C8421932F4F007E2F45 /* DetailViewController.swift */,
				A3A892BA2196917700E2F24C /* ImageStore.swift */,
				A39ED7FF2191345B00C66E48 /* ItemCell.swift */,
				A3B92BD8217D63D800F56DA3 /* Item.swift */,
				A377A0AC217ED0810002D70F /* ItemStore.swift */,
				A3B92BD6217D62E600F56DA3 /* ItemsViewController.swift */,
				A3B92BAF217D62AC00F56DA3 /* Assets.xcassets */,
				A3B92BB1217D62AC00F56DA3 /* LaunchScreen.storyboard */,
				A3B92BB4217D62AC00F56DA3 /* Info.plist */,
			);
			path = Homepwner;
			sourceTree = "<group>";
		};
		A3B92BBC217D62AC00F56DA3 /* HomepwnerTests */ = {
			isa = PBXGroup;
			children = (
				A3B92BBD217D62AC00F56DA3 /* HomepwnerTests.swift */,
				A3B92BBF217D62AC00F56DA3 /* Info.plist */,
			);
			path = HomepwnerTests;
			sourceTree = "<group>";
		};
		A3B92BC7217D62AC00F56DA3 /* HomepwnerUITests */ = {
			isa = PBXGroup;
			children = (
				A3B92BC8217D62AC00F56DA3 /* HomepwnerUITests.swift */,
				A3B92BCA217D62AC00F56DA3 /* Info.plist */,
			);
			path = HomepwnerUITests;
			sourceTree = "<group>";
		};
/* End PBXGroup section */

/* Begin PBXNativeTarget section */
		A3B92BA4217D62AA00F56DA3 /* Homepwner */ = {
			isa = PBXNativeTarget;
			buildConfigurationList = A3B92BCD217D62AC00F56DA3 /* Build configuration list for PBXNativeTarget "Homepwner" */;
			buildPhases = (
				A3B92BA1217D62AA00F56DA3 /* Sources */,
				A3B92BA2217D62AA00F56DA3 /* Frameworks */,
				A3B92BA3217D62AA00F56DA3 /* Resources */,
			);
			buildRules = (
			);
			dependencies = (
			);
			name = Homepwner;
			productName = Homepwner;
			productReference = A3B92BA5217D62AA00F56DA3 /* Homepwner.app */;
			productType = "com.apple.product-type.application";
		};
		A3B92BB8217D62AC00F56DA3 /* HomepwnerTests */ = {
			isa = PBXNativeTarget;
			buildConfigurationList = A3B92BD0217D62AC00F56DA3 /* Build configuration list for PBXNativeTarget "HomepwnerTests" */;
			buildPhases = (
				A3B92BB5217D62AC00F56DA3 /* Sources */,
				A3B92BB6217D62AC00F56DA3 /* Frameworks */,
				A3B92BB7217D62AC00F56DA3 /* Resources */,
			);
			buildRules = (
			);
			dependencies = (
				A3B92BBB217D62AC00F56DA3 /* PBXTargetDependency */,
			);
			name = HomepwnerTests;
			productName = HomepwnerTests;
			productReference = A3B92BB9217D62AC00F56DA3 /* HomepwnerTests.xctest */;
			productType = "com.apple.product-type.bundle.unit-test";
		};
		A3B92BC3217D62AC00F56DA3 /* HomepwnerUITests */ = {
			isa = PBXNativeTarget;
			buildConfigurationList = A3B92BD3217D62AC00F56DA3 /* Build configuration list for PBXNativeTarget "HomepwnerUITests" */;
			buildPhases = (
				A3B92BC0217D62AC00F56DA3 /* Sources */,
				A3B92BC1217D62AC00F56DA3 /* Frameworks */,
				A3B92BC2217D62AC00F56DA3 /* Resources */,
			);
			buildRules = (
			);
			dependencies = (
				A3B92BC6217D62AC00F56DA3 /* PBXTargetDependency */,
			);
			name = HomepwnerUITests;
			productName = HomepwnerUITests;
			productReference = A3B92BC4217D62AC00F56DA3 /* HomepwnerUITests.xctest */;
			productType = "com.apple.product-type.bundle.ui-testing";
		};
/* End PBXNativeTarget section */

/* Begin PBXProject section */
		A3B92B9D217D62AA00F56DA3 /* Project object */ = {
			isa = PBXProject;
			attributes = {
				LastSwiftUpdateCheck = 1010;
				LastUpgradeCheck = 1010;
				ORGANIZATIONNAME = "Peanut Apps";
				TargetAttributes = {
					A3B92BA4217D62AA00F56DA3 = {
						CreatedOnToolsVersion = 10.1;
					};
					A3B92BB8217D62AC00F56DA3 = {
						CreatedOnToolsVersion = 10.1;
						TestTargetID = A3B92BA4217D62AA00F56DA3;
					};
					A3B92BC3217D62AC00F56DA3 = {
						CreatedOnToolsVersion = 10.1;
						TestTargetID = A3B92BA4217D62AA00F56DA3;
					};
				};
			};
			buildConfigurationList = A3B92BA0217D62AA00F56DA3 /* Build configuration list for PBXProject "Homepwner" */;
			compatibilityVersion = "Xcode 9.3";
			developmentRegion = en;
			hasScannedForEncodings = 0;
			knownRegions = (
				en,
				Base,
			);
			mainGroup = A3B92B9C217D62AA00F56DA3;
			productRefGroup = A3B92BA6217D62AA00F56DA3 /* Products */;
			projectDirPath = "";
			projectRoot = "";
			targets = (
				A3B92BA4217D62AA00F56DA3 /* Homepwner */,
				A3B92BB8217D62AC00F56DA3 /* HomepwnerTests */,
				A3B92BC3217D62AC00F56DA3 /* HomepwnerUITests */,
			);
		};
/* End PBXProject section */

/* Begin PBXResourcesBuildPhase section */
		A3B92BA3217D62AA00F56DA3 /* Resources */ = {
			isa = PBXResourcesBuildPhase;
			buildActionMask = 2147483647;
			files = (
				A3B92BB3217D62AC00F56DA3 /* LaunchScreen.storyboard in Resources */,
				A3B92BB0217D62AC00F56DA3 /* Assets.xcassets in Resources */,
				A3B92BAE217D62AA00F56DA3 /* Main.storyboard in Resources */,
			);
			runOnlyForDeploymentPostprocessing = 0;
		};
		A3B92BB7217D62AC00F56DA3 /* Resources */ = {
			isa = PBXResourcesBuildPhase;
			buildActionMask = 2147483647;
			files = (
			);
			runOnlyForDeploymentPostprocessing = 0;
		};
		A3B92BC2217D62AC00F56DA3 /* Resources */ = {
			isa = PBXResourcesBuildPhase;
			buildActionMask = 2147483647;
			files = (
			);
			runOnlyForDeploymentPostprocessing = 0;
		};
/* End PBXResourcesBuildPhase section */

/* Begin PBXSourcesBuildPhase section */
		A3B92BA1217D62AA00F56DA3 /* Sources */ = {
			isa = PBXSourcesBuildPhase;
			buildActionMask = 2147483647;
			files = (
				A3B92BD7217D62E600F56DA3 /* ItemsViewController.swift in Sources */,
				A3B92BD9217D63D800F56DA3 /* Item.swift in Sources */,
				A377A0AD217ED0810002D70F /* ItemStore.swift in Sources */,
				A3A97C8521932F4F007E2F45 /* DetailViewController.swift in Sources */,
				A3B92BA9217D62AA00F56DA3 /* AppDelegate.swift in Sources */,
				A3A892BB2196917700E2F24C /* ImageStore.swift in Sources */,
				A39ED8002191345B00C66E48 /* ItemCell.swift in Sources */,
			);
			runOnlyForDeploymentPostprocessing = 0;
		};
		A3B92BB5217D62AC00F56DA3 /* Sources */ = {
			isa = PBXSourcesBuildPhase;
			buildActionMask = 2147483647;
			files = (
				A3B92BBE217D62AC00F56DA3 /* HomepwnerTests.swift in Sources */,
			);
			runOnlyForDeploymentPostprocessing = 0;
		};
		A3B92BC0217D62AC00F56DA3 /* Sources */ = {
			isa = PBXSourcesBuildPhase;
			buildActionMask = 2147483647;
			files = (
				A3B92BC9217D62AC00F56DA3 /* HomepwnerUITests.swift in Sources */,
			);
			runOnlyForDeploymentPostprocessing = 0;
		};
/* End PBXSourcesBuildPhase section */

/* Begin PBXTargetDependency section */
		A3B92BBB217D62AC00F56DA3 /* PBXTargetDependency */ = {
			isa = PBXTargetDependency;
			target = A3B92BA4217D62AA00F56DA3 /* Homepwner */;
			targetProxy = A3B92BBA217D62AC00F56DA3 /* PBXContainerItemProxy */;
		};
		A3B92BC6217D62AC00F56DA3 /* PBXTargetDependency */ = {
			isa = PBXTargetDependency;
			target = A3B92BA4217D62AA00F56DA3 /* Homepwner */;
			targetProxy = A3B92BC5217D62AC00F56DA3 /* PBXContainerItemProxy */;
		};
/* End PBXTargetDependency section */

/* Begin PBXVariantGroup section */
		A3B92BAC217D62AA00F56DA3 /* Main.storyboard */ = {
			isa = PBXVariantGroup;
			children = (
				A3B92BAD217D62AA00F56DA3 /* Base */,
			);
			name = Main.storyboard;
			sourceTree = "<group>";
		};
		A3B92BB1217D62AC00F56DA3 /* LaunchScreen.storyboard */ = {
			isa = PBXVariantGroup;
			children = (
				A3B92BB2217D62AC00F56DA3 /* Base */,
			);
			name = LaunchScreen.storyboard;
			sourceTree = "<group>";
		};
/* End PBXVariantGroup section */

/* Begin XCBuildConfiguration section */
		A3B92BCB217D62AC00F56DA3 /* Debug */ = {
			isa = XCBuildConfiguration;
			buildSettings = {
				ALWAYS_SEARCH_USER_PATHS = NO;
				CLANG_ANALYZER_NONNULL = YES;
				CLANG_ANALYZER_NUMBER_OBJECT_CONVERSION = YES_AGGRESSIVE;
				CLANG_CXX_LANGUAGE_STANDARD = "gnu++14";
				CLANG_CXX_LIBRARY = "libc++";
				CLANG_ENABLE_MODULES = YES;
				CLANG_ENABLE_OBJC_ARC = YES;
				CLANG_ENABLE_OBJC_WEAK = YES;
				CLANG_WARN_BLOCK_CAPTURE_AUTORELEASING = YES;
				CLANG_WARN_BOOL_CONVERSION = YES;
				CLANG_WARN_COMMA = YES;
				CLANG_WARN_CONSTANT_CONVERSION = YES;
				CLANG_WARN_DEPRECATED_OBJC_IMPLEMENTATIONS = YES;
				CLANG_WARN_DIRECT_OBJC_ISA_USAGE = YES_ERROR;
				CLANG_WARN_DOCUMENTATION_COMMENTS = YES;
				CLANG_WARN_EMPTY_BODY = YES;
				CLANG_WARN_ENUM_CONVERSION = YES;
				CLANG_WARN_INFINITE_RECURSION = YES;
				CLANG_WARN_INT_CONVERSION = YES;
				CLANG_WARN_NON_LITERAL_NULL_CONVERSION = YES;
				CLANG_WARN_OBJC_IMPLICIT_RETAIN_SELF = YES;
				CLANG_WARN_OBJC_LITERAL_CONVERSION = YES;
				CLANG_WARN_OBJC_ROOT_CLASS = YES_ERROR;
				CLANG_WARN_RANGE_LOOP_ANALYSIS = YES;
				CLANG_WARN_STRICT_PROTOTYPES = YES;
				CLANG_WARN_SUSPICIOUS_MOVE = YES;
				CLANG_WARN_UNGUARDED_AVAILABILITY = YES_AGGRESSIVE;
				CLANG_WARN_UNREACHABLE_CODE = YES;
				CLANG_WARN__DUPLICATE_METHOD_MATCH = YES;
				CODE_SIGN_IDENTITY = "iPhone Developer";
				COPY_PHASE_STRIP = NO;
				DEBUG_INFORMATION_FORMAT = dwarf;
				ENABLE_STRICT_OBJC_MSGSEND = YES;
				ENABLE_TESTABILITY = YES;
				GCC_C_LANGUAGE_STANDARD = gnu11;
				GCC_DYNAMIC_NO_PIC = NO;
				GCC_NO_COMMON_BLOCKS = YES;
				GCC_OPTIMIZATION_LEVEL = 0;
				GCC_PREPROCESSOR_DEFINITIONS = (
					"DEBUG=1",
					"$(inherited)",
				);
				GCC_WARN_64_TO_32_BIT_CONVERSION = YES;
				GCC_WARN_ABOUT_RETURN_TYPE = YES_ERROR;
				GCC_WARN_UNDECLARED_SELECTOR = YES;
				GCC_WARN_UNINITIALIZED_AUTOS = YES_AGGRESSIVE;
				GCC_WARN_UNUSED_FUNCTION = YES;
				GCC_WARN_UNUSED_VARIABLE = YES;
				IPHONEOS_DEPLOYMENT_TARGET = 12.1;
				MTL_ENABLE_DEBUG_INFO = INCLUDE_SOURCE;
				MTL_FAST_MATH = YES;
				ONLY_ACTIVE_ARCH = YES;
				SDKROOT = iphoneos;
				SWIFT_ACTIVE_COMPILATION_CONDITIONS = DEBUG;
				SWIFT_OPTIMIZATION_LEVEL = "-Onone";
			};
			name = Debug;
		};
		A3B92BCC217D62AC00F56DA3 /* Release */ = {
			isa = XCBuildConfiguration;
			buildSettings = {
				ALWAYS_SEARCH_USER_PATHS = NO;
				CLANG_ANALYZER_NONNULL = YES;
				CLANG_ANALYZER_NUMBER_OBJECT_CONVERSION = YES_AGGRESSIVE;
				CLANG_CXX_LANGUAGE_STANDARD = "gnu++14";
				CLANG_CXX_LIBRARY = "libc++";
				CLANG_ENABLE_MODULES = YES;
				CLANG_ENABLE_OBJC_ARC = YES;
				CLANG_ENABLE_OBJC_WEAK = YES;
				CLANG_WARN_BLOCK_CAPTURE_AUTORELEASING = YES;
				CLANG_WARN_BOOL_CONVERSION = YES;
				CLANG_WARN_COMMA = YES;
				CLANG_WARN_CONSTANT_CONVERSION = YES;
				CLANG_WARN_DEPRECATED_OBJC_IMPLEMENTATIONS = YES;
				CLANG_WARN_DIRECT_OBJC_ISA_USAGE = YES_ERROR;
				CLANG_WARN_DOCUMENTATION_COMMENTS = YES;
				CLANG_WARN_EMPTY_BODY = YES;
				CLANG_WARN_ENUM_CONVERSION = YES;
				CLANG_WARN_INFINITE_RECURSION = YES;
				CLANG_WARN_INT_CONVERSION = YES;
				CLANG_WARN_NON_LITERAL_NULL_CONVERSION = YES;
				CLANG_WARN_OBJC_IMPLICIT_RETAIN_SELF = YES;
				CLANG_WARN_OBJC_LITERAL_CONVERSION = YES;
				CLANG_WARN_OBJC_ROOT_CLASS = YES_ERROR;
				CLANG_WARN_RANGE_LOOP_ANALYSIS = YES;
				CLANG_WARN_STRICT_PROTOTYPES = YES;
				CLANG_WARN_SUSPICIOUS_MOVE = YES;
				CLANG_WARN_UNGUARDED_AVAILABILITY = YES_AGGRESSIVE;
				CLANG_WARN_UNREACHABLE_CODE = YES;
				CLANG_WARN__DUPLICATE_METHOD_MATCH = YES;
				CODE_SIGN_IDENTITY = "iPhone Developer";
				COPY_PHASE_STRIP = NO;
				DEBUG_INFORMATION_FORMAT = "dwarf-with-dsym";
				ENABLE_NS_ASSERTIONS = NO;
				ENABLE_STRICT_OBJC_MSGSEND = YES;
				GCC_C_LANGUAGE_STANDARD = gnu11;
				GCC_NO_COMMON_BLOCKS = YES;
				GCC_WARN_64_TO_32_BIT_CONVERSION = YES;
				GCC_WARN_ABOUT_RETURN_TYPE = YES_ERROR;
				GCC_WARN_UNDECLARED_SELECTOR = YES;
				GCC_WARN_UNINITIALIZED_AUTOS = YES_AGGRESSIVE;
				GCC_WARN_UNUSED_FUNCTION = YES;
				GCC_WARN_UNUSED_VARIABLE = YES;
				IPHONEOS_DEPLOYMENT_TARGET = 12.1;
				MTL_ENABLE_DEBUG_INFO = NO;
				MTL_FAST_MATH = YES;
				SDKROOT = iphoneos;
				SWIFT_COMPILATION_MODE = wholemodule;
				SWIFT_OPTIMIZATION_LEVEL = "-O";
				VALIDATE_PRODUCT = YES;
			};
			name = Release;
		};
		A3B92BCE217D62AC00F56DA3 /* Debug */ = {
			isa = XCBuildConfiguration;
			buildSettings = {
				ASSETCATALOG_COMPILER_APPICON_NAME = AppIcon;
				CODE_SIGN_STYLE = Automatic;
				DEVELOPMENT_TEAM = 8B96WPVX2B;
				INFOPLIST_FILE = Homepwner/Info.plist;
				IPHONEOS_DEPLOYMENT_TARGET = 12.0;
				LD_RUNPATH_SEARCH_PATHS = (
					"$(inherited)",
					"@executable_path/Frameworks",
				);
				PRODUCT_BUNDLE_IDENTIFIER = com.peanutapps.Homepwner;
				PRODUCT_NAME = "$(TARGET_NAME)";
				SWIFT_VERSION = 4.2;
				TARGETED_DEVICE_FAMILY = "1,2";
			};
			name = Debug;
		};
		A3B92BCF217D62AC00F56DA3 /* Release */ = {
			isa = XCBuildConfiguration;
			buildSettings = {
				ASSETCATALOG_COMPILER_APPICON_NAME = AppIcon;
				CODE_SIGN_STYLE = Automatic;
				DEVELOPMENT_TEAM = 8B96WPVX2B;
				INFOPLIST_FILE = Homepwner/Info.plist;
				IPHONEOS_DEPLOYMENT_TARGET = 12.0;
				LD_RUNPATH_SEARCH_PATHS = (
					"$(inherited)",
					"@executable_path/Frameworks",
				);
				PRODUCT_BUNDLE_IDENTIFIER = com.peanutapps.Homepwner;
				PRODUCT_NAME = "$(TARGET_NAME)";
				SWIFT_VERSION = 4.2;
				TARGETED_DEVICE_FAMILY = "1,2";
			};
			name = Release;
		};
		A3B92BD1217D62AC00F56DA3 /* Debug */ = {
			isa = XCBuildConfiguration;
			buildSettings = {
				ALWAYS_EMBED_SWIFT_STANDARD_LIBRARIES = YES;
				BUNDLE_LOADER = "$(TEST_HOST)";
				CODE_SIGN_STYLE = Automatic;
				DEVELOPMENT_TEAM = 8B96WPVX2B;
				INFOPLIST_FILE = HomepwnerTests/Info.plist;
				LD_RUNPATH_SEARCH_PATHS = (
					"$(inherited)",
					"@executable_path/Frameworks",
					"@loader_path/Frameworks",
				);
				PRODUCT_BUNDLE_IDENTIFIER = com.peanutapps.HomepwnerTests;
				PRODUCT_NAME = "$(TARGET_NAME)";
				SWIFT_VERSION = 4.2;
				TARGETED_DEVICE_FAMILY = "1,2";
				TEST_HOST = "$(BUILT_PRODUCTS_DIR)/Homepwner.app/Homepwner";
			};
			name = Debug;
		};
		A3B92BD2217D62AC00F56DA3 /* Release */ = {
			isa = XCBuildConfiguration;
			buildSettings = {
				ALWAYS_EMBED_SWIFT_STANDARD_LIBRARIES = YES;
				BUNDLE_LOADER = "$(TEST_HOST)";
				CODE_SIGN_STYLE = Automatic;
				DEVELOPMENT_TEAM = 8B96WPVX2B;
				INFOPLIST_FILE = HomepwnerTests/Info.plist;
				LD_RUNPATH_SEARCH_PATHS = (
					"$(inherited)",
					"@executable_path/Frameworks",
					"@loader_path/Frameworks",
				);
				PRODUCT_BUNDLE_IDENTIFIER = com.peanutapps.HomepwnerTests;
				PRODUCT_NAME = "$(TARGET_NAME)";
				SWIFT_VERSION = 4.2;
				TARGETED_DEVICE_FAMILY = "1,2";
				TEST_HOST = "$(BUILT_PRODUCTS_DIR)/Homepwner.app/Homepwner";
			};
			name = Release;
		};
		A3B92BD4217D62AC00F56DA3 /* Debug */ = {
			isa = XCBuildConfiguration;
			buildSettings = {
				ALWAYS_EMBED_SWIFT_STANDARD_LIBRARIES = YES;
				CODE_SIGN_STYLE = Automatic;
				DEVELOPMENT_TEAM = 8B96WPVX2B;
				INFOPLIST_FILE = HomepwnerUITests/Info.plist;
				IPHONEOS_DEPLOYMENT_TARGET = 12.0;
				LD_RUNPATH_SEARCH_PATHS = (
					"$(inherited)",
					"@executable_path/Frameworks",
					"@loader_path/Frameworks",
				);
				PRODUCT_BUNDLE_IDENTIFIER = com.peanutapps.HomepwnerUITests;
				PRODUCT_NAME = "$(TARGET_NAME)";
				SWIFT_VERSION = 4.2;
				TARGETED_DEVICE_FAMILY = "1,2";
				TEST_TARGET_NAME = Homepwner;
			};
			name = Debug;
		};
		A3B92BD5217D62AC00F56DA3 /* Release */ = {
			isa = XCBuildConfiguration;
			buildSettings = {
				ALWAYS_EMBED_SWIFT_STANDARD_LIBRARIES = YES;
				CODE_SIGN_STYLE = Automatic;
				DEVELOPMENT_TEAM = 8B96WPVX2B;
				INFOPLIST_FILE = HomepwnerUITests/Info.plist;
				IPHONEOS_DEPLOYMENT_TARGET = 12.0;
				LD_RUNPATH_SEARCH_PATHS = (
					"$(inherited)",
					"@executable_path/Frameworks",
					"@loader_path/Frameworks",
				);
				PRODUCT_BUNDLE_IDENTIFIER = com.peanutapps.HomepwnerUITests;
				PRODUCT_NAME = "$(TARGET_NAME)";
				SWIFT_VERSION = 4.2;
				TARGETED_DEVICE_FAMILY = "1,2";
				TEST_TARGET_NAME = Homepwner;
			};
			name = Release;
		};
/* End XCBuildConfiguration section */

/* Begin XCConfigurationList section */
		A3B92BA0217D62AA00F56DA3 /* Build configuration list for PBXProject "Homepwner" */ = {
			isa = XCConfigurationList;
			buildConfigurations = (
				A3B92BCB217D62AC00F56DA3 /* Debug */,
				A3B92BCC217D62AC00F56DA3 /* Release */,
			);
			defaultConfigurationIsVisible = 0;
			defaultConfigurationName = Release;
		};
		A3B92BCD217D62AC00F56DA3 /* Build configuration list for PBXNativeTarget "Homepwner" */ = {
			isa = XCConfigurationList;
			buildConfigurations = (
				A3B92BCE217D62AC00F56DA3 /* Debug */,
				A3B92BCF217D62AC00F56DA3 /* Release */,
			);
			defaultConfigurationIsVisible = 0;
			defaultConfigurationName = Release;
		};
		A3B92BD0217D62AC00F56DA3 /* Build configuration list for PBXNativeTarget "HomepwnerTests" */ = {
			isa = XCConfigurationList;
			buildConfigurations = (
				A3B92BD1217D62AC00F56DA3 /* Debug */,
				A3B92BD2217D62AC00F56DA3 /* Release */,
			);
			defaultConfigurationIsVisible = 0;
			defaultConfigurationName = Release;
		};
		A3B92BD3217D62AC00F56DA3 /* Build configuration list for PBXNativeTarget "HomepwnerUITests" */ = {
			isa = XCConfigurationList;
			buildConfigurations = (
				A3B92BD4217D62AC00F56DA3 /* Debug */,
				A3B92BD5217D62AC00F56DA3 /* Release */,
			);
			defaultConfigurationIsVisible = 0;
			defaultConfigurationName = Release;
		};
/* End XCConfigurationList section */
	};
	rootObject = A3B92B9D217D62AA00F56DA3 /* Project object */;
}
